
Microsoft Visual Studio Solution File, Format Version 12.00
# Visual Studio Version 17
VisualStudioVersion = 17.3.32901.215
MinimumVisualStudioVersion = 10.0.40219.1
Project("{FAE04EC0-301F-11D3-BF4B-00C04F79EFBC}") = "wpfYcheb", "wpfYcheb.csproj", "{0C560B26-4F86-4C0D-B911-0F29237D421F}"
EndProject
Global
	GlobalSection(SolutionConfigurationPlatforms) = preSolution
		Debug|Any CPU = Debug|Any CPU
		Release|Any CPU = Release|Any CPU
	EndGlobalSection
	GlobalSection(ProjectConfigurationPlatforms) = postSolution
		{0C560B26-4F86-4C0D-B911-0F29237D421F}.Debug|Any CPU.ActiveCfg = Debug|Any CPU
		{0C560B26-4F86-4C0D-B911-0F29237D421F}.Debug|Any CPU.Build.0 = Debug|Any CPU
		{0C560B26-4F86-4C0D-B911-0F29237D421F}.Release|Any CPU.ActiveCfg = Release|Any CPU
		{0C560B26-4F86-4C0D-B911-0F29237D421F}.Release|Any CPU.Build.0 = Release|Any CPU
	EndGlobalSection
	GlobalSection(SolutionProperties) = preSolution
		HideSolutionNode = FALSE
	EndGlobalSection
	GlobalSection(ExtensibilityGlobals) = postSolution
		SolutionGuid = {A67D044A-7586-490A-B5A1-742099EE5937}
	EndGlobalSection
EndGlobal
